
Microsoft Visual Studio Solution File, Format Version 12.00
# Visual Studio Version 17
VisualStudioVersion = 17.5.33530.505
MinimumVisualStudioVersion = 10.0.40219.1
Project("{FAE04EC0-301F-11D3-BF4B-00C04F79EFBC}") = "Kt_git", "Kt_git.csproj", "{533C1607-BC8E-4981-95D9-9C7578EED1C4}"
EndProject
Global
	GlobalSection(SolutionConfigurationPlatforms) = preSolution
		Debug|Any CPU = Debug|Any CPU
		Release|Any CPU = Release|Any CPU
	EndGlobalSection
	GlobalSection(ProjectConfigurationPlatforms) = postSolution
		{533C1607-BC8E-4981-95D9-9C7578EED1C4}.Debug|Any CPU.ActiveCfg = Debug|Any CPU
		{533C1607-BC8E-4981-95D9-9C7578EED1C4}.Debug|Any CPU.Build.0 = Debug|Any CPU
		{533C1607-BC8E-4981-95D9-9C7578EED1C4}.Release|Any CPU.ActiveCfg = Release|Any CPU
		{533C1607-BC8E-4981-95D9-9C7578EED1C4}.Release|Any CPU.Build.0 = Release|Any CPU
	EndGlobalSection
	GlobalSection(SolutionProperties) = preSolution
		HideSolutionNode = FALSE
	EndGlobalSection
	GlobalSection(ExtensibilityGlobals) = postSolution
		SolutionGuid = {B0C2FD37-D1A5-49DF-8F21-5716F61E9D9C}
	EndGlobalSection
EndGlobal
